
Microsoft Visual Studio Solution File, Format Version 12.00
# Visual Studio Version 17
VisualStudioVersion = 17.11.35303.130
MinimumVisualStudioVersion = 10.0.40219.1
Project("{2150E333-8FDC-42A3-9474-1A3956D46DE8}") = "Task0", "Task0", "{CDD72B09-8A5F-42E3-AB48-445C29D7E053}"
EndProject
Project("{9A19103F-16F7-4668-BE54-9A1E7A4F7556}") = "Tyuiu.FedotkinNE.Sprint1.Task0.V2.Test", "Tyuiu.FedotkinNE.Sprint1.Task0.V2.Test\Tyuiu.FedotkinNE.Sprint1.Task0.V2.Test.csproj", "{C8B278A4-DC95-422D-A80F-B311ECEE1CF7}"
EndProject
Project("{9A19103F-16F7-4668-BE54-9A1E7A4F7556}") = "Tyuiu.FedotkinNE.Sprint1.Task0.V2", "Tyuiu.FedotkinNE.Sprint1.Task0.V2\Tyuiu.FedotkinNE.Sprint1.Task0.V2.csproj", "{DBD3C263-80B0-4AF5-97F3-8A3718EE423E}"
EndProject
Project("{9A19103F-16F7-4668-BE54-9A1E7A4F7556}") = "Tyuiu.FedotkinNE.Sprint1.Task0.V2.Lib", "Tyuiu.FedotkinNE.Sprint1.Task0.V2.Lib\Tyuiu.FedotkinNE.Sprint1.Task0.V2.Lib.csproj", "{C230B4D1-B93D-4130-BDDC-FECA5859F4D6}"
EndProject
Project("{2150E333-8FDC-42A3-9474-1A3956D46DE8}") = "Task1", "Task1", "{895F060D-1C8D-4E97-A1AC-4BB2964BEB03}"
EndProject
Project("{9A19103F-16F7-4668-BE54-9A1E7A4F7556}") = "Tyuiu.FedotkinNE.Sprint1.Task1.V26", "Tyuiu.FedotkinNE.Sprint1.Task1.V26\Tyuiu.FedotkinNE.Sprint1.Task1.V26.csproj", "{D631D194-0421-499C-8E23-34D4DE53D3D1}"
EndProject
Project("{9A19103F-16F7-4668-BE54-9A1E7A4F7556}") = "Tyuiu.FedotkinNE.Sprint1.Task1.V26.Lib", "Tyuiu.FedotkinNE.Sprint1.Task1.V26.Lib\Tyuiu.FedotkinNE.Sprint1.Task1.V26.Lib.csproj", "{E930EB80-F34E-48ED-A6A0-5428BBFEAC45}"
EndProject
Project("{9A19103F-16F7-4668-BE54-9A1E7A4F7556}") = "Tyuiu.FedotkinNE.Sprint1.Task1.V26.Test", "Tyuiu.FedotkinNE.Sprint1.Task1.V26.Test\Tyuiu.FedotkinNE.Sprint1.Task1.V26.Test.csproj", "{30072A8D-A3D8-449C-9BB2-C51CCF7F9E00}"
EndProject
Project("{2150E333-8FDC-42A3-9474-1A3956D46DE8}") = "Task2", "Task2", "{19B5DB4D-B7A3-4E91-B783-2577C2D695E9}"
EndProject
Project("{9A19103F-16F7-4668-BE54-9A1E7A4F7556}") = "Tyuiu.FedotkinNE.Sprint1.Task2.V26", "Tyuiu.FedotkinNE.Sprint1.Task2.V26\Tyuiu.FedotkinNE.Sprint1.Task2.V26.csproj", "{C2E2881B-EAED-4E44-B2E8-6A0A292CBEBB}"
EndProject
Project("{9A19103F-16F7-4668-BE54-9A1E7A4F7556}") = "Tyuiu.FedotkinNE.Sprint1.Task2.V26.Test", "Tyuiu.FedotkinNE.Sprint1.Task2.V26.Test\Tyuiu.FedotkinNE.Sprint1.Task2.V26.Test.csproj", "{64704466-FACC-443D-A9F4-9D3BE321798A}"
EndProject
Project("{9A19103F-16F7-4668-BE54-9A1E7A4F7556}") = "Tyuiu.FedotkinNE.Sprint1.Task2.V26.Lib", "Tyuiu.FedotkinNE.Sprint1.Task2.V26.Lib\Tyuiu.FedotkinNE.Sprint1.Task2.V26.Lib.csproj", "{476C56FB-C999-41FD-9AAF-D4B1F8AAE7A3}"
EndProject
Project("{2150E333-8FDC-42A3-9474-1A3956D46DE8}") = "Task3", "Task3", "{4A3BBB9B-FAC4-427C-9F85-97602FBD73E2}"
EndProject
Project("{9A19103F-16F7-4668-BE54-9A1E7A4F7556}") = "Tyuiu.FedotkinNE.Sprint1.Task3.V18", "Tyuiu.FedotkinNE.Sprint1.Task3.V18\Tyuiu.FedotkinNE.Sprint1.Task3.V18.csproj", "{949391D4-803B-4705-817D-3E70E276F067}"
EndProject
Project("{9A19103F-16F7-4668-BE54-9A1E7A4F7556}") = "Tyuiu.FedotkinNE.Sprint1.Task3.V18.Lib", "Tyuiu.FedotkinNE.Sprint1.Task3.V18.Lib\Tyuiu.FedotkinNE.Sprint1.Task3.V18.Lib.csproj", "{EFF3C43A-1B7E-44D4-8A26-15CA4C3F5BE5}"
EndProject
Project("{9A19103F-16F7-4668-BE54-9A1E7A4F7556}") = "Tyuiu.FedotkinNE.Sprint1.Task3.V18.Test", "Tyuiu.FedotkinNE.Sprint1.Task3.V18.Test\Tyuiu.FedotkinNE.Sprint1.Task3.V18.Test.csproj", "{3B2F35C8-D27E-49DB-97E0-5E43E2A37CF4}"
EndProject
Project("{2150E333-8FDC-42A3-9474-1A3956D46DE8}") = "Task4", "Task4", "{D4B6F6F6-BB4F-4184-9BA1-209536A86FEE}"
EndProject
Project("{FAE04EC0-301F-11D3-BF4B-00C04F79EFBC}") = "Tyuiu.FedotkinNE.Sprint1.Task4.V16", "Tyuiu.FedotkinNE.Sprint1.Task4.V16\Tyuiu.FedotkinNE.Sprint1.Task4.V16.csproj", "{DC06C5B7-DBF2-457B-B1D5-8EB3298A9B1C}"
EndProject
Project("{FAE04EC0-301F-11D3-BF4B-00C04F79EFBC}") = "Tyuiu.FedotkinNE.Sprint1.Task4.V16.Lib", "Tyuiu.FedotkinNE.Sprint1.Task4.V16.Lib\Tyuiu.FedotkinNE.Sprint1.Task4.V16.Lib.csproj", "{F9D15E1F-C964-4BB0-B3A0-35B26263086B}"
EndProject
Project("{FAE04EC0-301F-11D3-BF4B-00C04F79EFBC}") = "Tyuiu.FedotkinNE.Sprint1.Task4.V16.Test", "Tyuiu.FedotkinNE.Sprint1.Task4.V16.Test\Tyuiu.FedotkinNE.Sprint1.Task4.V16.Test.csproj", "{BA1F940F-85F7-42B8-B894-F13E2DF9FBE1}"
EndProject
Project("{2150E333-8FDC-42A3-9474-1A3956D46DE8}") = "Task5", "Task5", "{67F8507F-515A-4638-9E60-18B1B4CCF3CE}"
EndProject
Project("{FAE04EC0-301F-11D3-BF4B-00C04F79EFBC}") = "Tyuiu.FedotkinNE.Sprint1.Task5.V2", "Tyuiu.FedotkinNE.Sprint1.Task5.V2\Tyuiu.FedotkinNE.Sprint1.Task5.V2.csproj", "{FDA3DFB2-BE21-4314-84EB-66BF6CCC555E}"
EndProject
Project("{FAE04EC0-301F-11D3-BF4B-00C04F79EFBC}") = "Tyuiu.FedotkinNE.Sprint1.Task5.V2.Test", "Tyuiu.FedotkinNE.Sprint1.Task5.V2.Test\Tyuiu.FedotkinNE.Sprint1.Task5.V2.Test.csproj", "{999B4E23-AD42-4543-9210-BFA1A4185A25}"
EndProject
Project("{FAE04EC0-301F-11D3-BF4B-00C04F79EFBC}") = "Tyuiu.FedotkinNE.Sprint1.Task5.V2.Lib", "Tyuiu.FedotkinNE.Sprint1.Task5.V2.Lib\Tyuiu.FedotkinNE.Sprint1.Task5.V2.Lib.csproj", "{6AE1A022-40A4-4E7C-91D6-5B29F20ABE39}"
EndProject
Project("{2150E333-8FDC-42A3-9474-1A3956D46DE8}") = "Task6", "Task6", "{03BAA7B3-2282-4BFA-8272-BEE5EC2AA9E7}"
EndProject
Project("{FAE04EC0-301F-11D3-BF4B-00C04F79EFBC}") = "Tyuiu.FedotkinNE.Sprint1.Task6.V3", "Tyuiu.FedotkinNE.Sprint1.Task6.V3\Tyuiu.FedotkinNE.Sprint1.Task6.V3.csproj", "{5313837B-09B3-4786-8D0A-D1889E1E7F80}"
EndProject
Project("{FAE04EC0-301F-11D3-BF4B-00C04F79EFBC}") = "Tyuiu.FedotkinNE.Sprint1.Task6.V3.Lib", "Tyuiu.FedotkinNE.Sprint1.Task6.V3.Lib\Tyuiu.FedotkinNE.Sprint1.Task6.V3.Lib.csproj", "{D2C44767-66EE-4EA3-9D9D-3784FAAC82A3}"
EndProject
Project("{FAE04EC0-301F-11D3-BF4B-00C04F79EFBC}") = "Tyuiu.FedotkinNE.Sprint1.Task6.V3.Test", "Tyuiu.FedotkinNE.Sprint1.Task6.V3.Test\Tyuiu.FedotkinNE.Sprint1.Task6.V3.Test.csproj", "{45E00FD5-172A-4D9E-99AD-E2E7E8F0E693}"
EndProject
Global
	GlobalSection(SolutionConfigurationPlatforms) = preSolution
		Debug|Any CPU = Debug|Any CPU
		Release|Any CPU = Release|Any CPU
	EndGlobalSection
	GlobalSection(ProjectConfigurationPlatforms) = postSolution
		{C8B278A4-DC95-422D-A80F-B311ECEE1CF7}.Debug|Any CPU.ActiveCfg = Debug|Any CPU
		{C8B278A4-DC95-422D-A80F-B311ECEE1CF7}.Debug|Any CPU.Build.0 = Debug|Any CPU
		{C8B278A4-DC95-422D-A80F-B311ECEE1CF7}.Release|Any CPU.ActiveCfg = Release|Any CPU
		{C8B278A4-DC95-422D-A80F-B311ECEE1CF7}.Release|Any CPU.Build.0 = Release|Any CPU
		{DBD3C263-80B0-4AF5-97F3-8A3718EE423E}.Debug|Any CPU.ActiveCfg = Debug|Any CPU
		{DBD3C263-80B0-4AF5-97F3-8A3718EE423E}.Debug|Any CPU.Build.0 = Debug|Any CPU
		{DBD3C263-80B0-4AF5-97F3-8A3718EE423E}.Release|Any CPU.ActiveCfg = Release|Any CPU
		{DBD3C263-80B0-4AF5-97F3-8A3718EE423E}.Release|Any CPU.Build.0 = Release|Any CPU
		{C230B4D1-B93D-4130-BDDC-FECA5859F4D6}.Debug|Any CPU.ActiveCfg = Debug|Any CPU
		{C230B4D1-B93D-4130-BDDC-FECA5859F4D6}.Debug|Any CPU.Build.0 = Debug|Any CPU
		{C230B4D1-B93D-4130-BDDC-FECA5859F4D6}.Release|Any CPU.ActiveCfg = Release|Any CPU
		{C230B4D1-B93D-4130-BDDC-FECA5859F4D6}.Release|Any CPU.Build.0 = Release|Any CPU
		{D631D194-0421-499C-8E23-34D4DE53D3D1}.Debug|Any CPU.ActiveCfg = Debug|Any CPU
		{D631D194-0421-499C-8E23-34D4DE53D3D1}.Debug|Any CPU.Build.0 = Debug|Any CPU
		{D631D194-0421-499C-8E23-34D4DE53D3D1}.Release|Any CPU.ActiveCfg = Release|Any CPU
		{D631D194-0421-499C-8E23-34D4DE53D3D1}.Release|Any CPU.Build.0 = Release|Any CPU
		{E930EB80-F34E-48ED-A6A0-5428BBFEAC45}.Debug|Any CPU.ActiveCfg = Debug|Any CPU
		{E930EB80-F34E-48ED-A6A0-5428BBFEAC45}.Debug|Any CPU.Build.0 = Debug|Any CPU
		{E930EB80-F34E-48ED-A6A0-5428BBFEAC45}.Release|Any CPU.ActiveCfg = Release|Any CPU
		{E930EB80-F34E-48ED-A6A0-5428BBFEAC45}.Release|Any CPU.Build.0 = Release|Any CPU
		{30072A8D-A3D8-449C-9BB2-C51CCF7F9E00}.Debug|Any CPU.ActiveCfg = Debug|Any CPU
		{30072A8D-A3D8-449C-9BB2-C51CCF7F9E00}.Debug|Any CPU.Build.0 = Debug|Any CPU
		{30072A8D-A3D8-449C-9BB2-C51CCF7F9E00}.Release|Any CPU.ActiveCfg = Release|Any CPU
		{30072A8D-A3D8-449C-9BB2-C51CCF7F9E00}.Release|Any CPU.Build.0 = Release|Any CPU
		{C2E2881B-EAED-4E44-B2E8-6A0A292CBEBB}.Debug|Any CPU.ActiveCfg = Debug|Any CPU
		{C2E2881B-EAED-4E44-B2E8-6A0A292CBEBB}.Debug|Any CPU.Build.0 = Debug|Any CPU
		{C2E2881B-EAED-4E44-B2E8-6A0A292CBEBB}.Release|Any CPU.ActiveCfg = Release|Any CPU
		{C2E2881B-EAED-4E44-B2E8-6A0A292CBEBB}.Release|Any CPU.Build.0 = Release|Any CPU
		{64704466-FACC-443D-A9F4-9D3BE321798A}.Debug|Any CPU.ActiveCfg = Debug|Any CPU
		{64704466-FACC-443D-A9F4-9D3BE321798A}.Debug|Any CPU.Build.0 = Debug|Any CPU
		{64704466-FACC-443D-A9F4-9D3BE321798A}.Release|Any CPU.ActiveCfg = Release|Any CPU
		{64704466-FACC-443D-A9F4-9D3BE321798A}.Release|Any CPU.Build.0 = Release|Any CPU
		{476C56FB-C999-41FD-9AAF-D4B1F8AAE7A3}.Debug|Any CPU.ActiveCfg = Debug|Any CPU
		{476C56FB-C999-41FD-9AAF-D4B1F8AAE7A3}.Debug|Any CPU.Build.0 = Debug|Any CPU
		{476C56FB-C999-41FD-9AAF-D4B1F8AAE7A3}.Release|Any CPU.ActiveCfg = Release|Any CPU
		{476C56FB-C999-41FD-9AAF-D4B1F8AAE7A3}.Release|Any CPU.Build.0 = Release|Any CPU
		{949391D4-803B-4705-817D-3E70E276F067}.Debug|Any CPU.ActiveCfg = Debug|Any CPU
		{949391D4-803B-4705-817D-3E70E276F067}.Debug|Any CPU.Build.0 = Debug|Any CPU
		{949391D4-803B-4705-817D-3E70E276F067}.Release|Any CPU.ActiveCfg = Release|Any CPU
		{949391D4-803B-4705-817D-3E70E276F067}.Release|Any CPU.Build.0 = Release|Any CPU
		{EFF3C43A-1B7E-44D4-8A26-15CA4C3F5BE5}.Debug|Any CPU.ActiveCfg = Debug|Any CPU
		{EFF3C43A-1B7E-44D4-8A26-15CA4C3F5BE5}.Debug|Any CPU.Build.0 = Debug|Any CPU
		{EFF3C43A-1B7E-44D4-8A26-15CA4C3F5BE5}.Release|Any CPU.ActiveCfg = Release|Any CPU
		{EFF3C43A-1B7E-44D4-8A26-15CA4C3F5BE5}.Release|Any CPU.Build.0 = Release|Any CPU
		{3B2F35C8-D27E-49DB-97E0-5E43E2A37CF4}.Debug|Any CPU.ActiveCfg = Debug|Any CPU
		{3B2F35C8-D27E-49DB-97E0-5E43E2A37CF4}.Debug|Any CPU.Build.0 = Debug|Any CPU
		{3B2F35C8-D27E-49DB-97E0-5E43E2A37CF4}.Release|Any CPU.ActiveCfg = Release|Any CPU
		{3B2F35C8-D27E-49DB-97E0-5E43E2A37CF4}.Release|Any CPU.Build.0 = Release|Any CPU
		{DC06C5B7-DBF2-457B-B1D5-8EB3298A9B1C}.Debug|Any CPU.ActiveCfg = Debug|Any CPU
		{DC06C5B7-DBF2-457B-B1D5-8EB3298A9B1C}.Debug|Any CPU.Build.0 = Debug|Any CPU
		{DC06C5B7-DBF2-457B-B1D5-8EB3298A9B1C}.Release|Any CPU.ActiveCfg = Release|Any CPU
		{DC06C5B7-DBF2-457B-B1D5-8EB3298A9B1C}.Release|Any CPU.Build.0 = Release|Any CPU
		{F9D15E1F-C964-4BB0-B3A0-35B26263086B}.Debug|Any CPU.ActiveCfg = Debug|Any CPU
		{F9D15E1F-C964-4BB0-B3A0-35B26263086B}.Debug|Any CPU.Build.0 = Debug|Any CPU
		{F9D15E1F-C964-4BB0-B3A0-35B26263086B}.Release|Any CPU.ActiveCfg = Release|Any CPU
		{F9D15E1F-C964-4BB0-B3A0-35B26263086B}.Release|Any CPU.Build.0 = Release|Any CPU
		{BA1F940F-85F7-42B8-B894-F13E2DF9FBE1}.Debug|Any CPU.ActiveCfg = Debug|Any CPU
		{BA1F940F-85F7-42B8-B894-F13E2DF9FBE1}.Debug|Any CPU.Build.0 = Debug|Any CPU
		{BA1F940F-85F7-42B8-B894-F13E2DF9FBE1}.Release|Any CPU.ActiveCfg = Release|Any CPU
		{BA1F940F-85F7-42B8-B894-F13E2DF9FBE1}.Release|Any CPU.Build.0 = Release|Any CPU
		{FDA3DFB2-BE21-4314-84EB-66BF6CCC555E}.Debug|Any CPU.ActiveCfg = Debug|Any CPU
		{FDA3DFB2-BE21-4314-84EB-66BF6CCC555E}.Debug|Any CPU.Build.0 = Debug|Any CPU
		{FDA3DFB2-BE21-4314-84EB-66BF6CCC555E}.Release|Any CPU.ActiveCfg = Release|Any CPU
		{FDA3DFB2-BE21-4314-84EB-66BF6CCC555E}.Release|Any CPU.Build.0 = Release|Any CPU
		{999B4E23-AD42-4543-9210-BFA1A4185A25}.Debug|Any CPU.ActiveCfg = Debug|Any CPU
		{999B4E23-AD42-4543-9210-BFA1A4185A25}.Debug|Any CPU.Build.0 = Debug|Any CPU
		{999B4E23-AD42-4543-9210-BFA1A4185A25}.Release|Any CPU.ActiveCfg = Release|Any CPU
		{999B4E23-AD42-4543-9210-BFA1A4185A25}.Release|Any CPU.Build.0 = Release|Any CPU
		{6AE1A022-40A4-4E7C-91D6-5B29F20ABE39}.Debug|Any CPU.ActiveCfg = Debug|Any CPU
		{6AE1A022-40A4-4E7C-91D6-5B29F20ABE39}.Debug|Any CPU.Build.0 = Debug|Any CPU
		{6AE1A022-40A4-4E7C-91D6-5B29F20ABE39}.Release|Any CPU.ActiveCfg = Release|Any CPU
		{6AE1A022-40A4-4E7C-91D6-5B29F20ABE39}.Release|Any CPU.Build.0 = Release|Any CPU
		{5313837B-09B3-4786-8D0A-D1889E1E7F80}.Debug|Any CPU.ActiveCfg = Debug|Any CPU
		{5313837B-09B3-4786-8D0A-D1889E1E7F80}.Debug|Any CPU.Build.0 = Debug|Any CPU
		{5313837B-09B3-4786-8D0A-D1889E1E7F80}.Release|Any CPU.ActiveCfg = Release|Any CPU
		{5313837B-09B3-4786-8D0A-D1889E1E7F80}.Release|Any CPU.Build.0 = Release|Any CPU
		{D2C44767-66EE-4EA3-9D9D-3784FAAC82A3}.Debug|Any CPU.ActiveCfg = Debug|Any CPU
		{D2C44767-66EE-4EA3-9D9D-3784FAAC82A3}.Debug|Any CPU.Build.0 = Debug|Any CPU
		{D2C44767-66EE-4EA3-9D9D-3784FAAC82A3}.Release|Any CPU.ActiveCfg = Release|Any CPU
		{D2C44767-66EE-4EA3-9D9D-3784FAAC82A3}.Release|Any CPU.Build.0 = Release|Any CPU
		{45E00FD5-172A-4D9E-99AD-E2E7E8F0E693}.Debug|Any CPU.ActiveCfg = Debug|Any CPU
		{45E00FD5-172A-4D9E-99AD-E2E7E8F0E693}.Debug|Any CPU.Build.0 = Debug|Any CPU
		{45E00FD5-172A-4D9E-99AD-E2E7E8F0E693}.Release|Any CPU.ActiveCfg = Release|Any CPU
		{45E00FD5-172A-4D9E-99AD-E2E7E8F0E693}.Release|Any CPU.Build.0 = Release|Any CPU
	EndGlobalSection
	GlobalSection(SolutionProperties) = preSolution
		HideSolutionNode = FALSE
	EndGlobalSection
	GlobalSection(NestedProjects) = preSolution
		{C8B278A4-DC95-422D-A80F-B311ECEE1CF7} = {CDD72B09-8A5F-42E3-AB48-445C29D7E053}
		{DBD3C263-80B0-4AF5-97F3-8A3718EE423E} = {CDD72B09-8A5F-42E3-AB48-445C29D7E053}
		{C230B4D1-B93D-4130-BDDC-FECA5859F4D6} = {CDD72B09-8A5F-42E3-AB48-445C29D7E053}
		{D631D194-0421-499C-8E23-34D4DE53D3D1} = {895F060D-1C8D-4E97-A1AC-4BB2964BEB03}
		{E930EB80-F34E-48ED-A6A0-5428BBFEAC45} = {895F060D-1C8D-4E97-A1AC-4BB2964BEB03}
		{30072A8D-A3D8-449C-9BB2-C51CCF7F9E00} = {895F060D-1C8D-4E97-A1AC-4BB2964BEB03}
		{C2E2881B-EAED-4E44-B2E8-6A0A292CBEBB} = {19B5DB4D-B7A3-4E91-B783-2577C2D695E9}
		{64704466-FACC-443D-A9F4-9D3BE321798A} = {19B5DB4D-B7A3-4E91-B783-2577C2D695E9}
		{476C56FB-C999-41FD-9AAF-D4B1F8AAE7A3} = {19B5DB4D-B7A3-4E91-B783-2577C2D695E9}
		{949391D4-803B-4705-817D-3E70E276F067} = {4A3BBB9B-FAC4-427C-9F85-97602FBD73E2}
		{EFF3C43A-1B7E-44D4-8A26-15CA4C3F5BE5} = {4A3BBB9B-FAC4-427C-9F85-97602FBD73E2}
		{3B2F35C8-D27E-49DB-97E0-5E43E2A37CF4} = {4A3BBB9B-FAC4-427C-9F85-97602FBD73E2}
		{DC06C5B7-DBF2-457B-B1D5-8EB3298A9B1C} = {D4B6F6F6-BB4F-4184-9BA1-209536A86FEE}
		{F9D15E1F-C964-4BB0-B3A0-35B26263086B} = {D4B6F6F6-BB4F-4184-9BA1-209536A86FEE}
		{BA1F940F-85F7-42B8-B894-F13E2DF9FBE1} = {D4B6F6F6-BB4F-4184-9BA1-209536A86FEE}
		{FDA3DFB2-BE21-4314-84EB-66BF6CCC555E} = {67F8507F-515A-4638-9E60-18B1B4CCF3CE}
		{999B4E23-AD42-4543-9210-BFA1A4185A25} = {67F8507F-515A-4638-9E60-18B1B4CCF3CE}
		{6AE1A022-40A4-4E7C-91D6-5B29F20ABE39} = {67F8507F-515A-4638-9E60-18B1B4CCF3CE}
		{5313837B-09B3-4786-8D0A-D1889E1E7F80} = {03BAA7B3-2282-4BFA-8272-BEE5EC2AA9E7}
		{D2C44767-66EE-4EA3-9D9D-3784FAAC82A3} = {03BAA7B3-2282-4BFA-8272-BEE5EC2AA9E7}
		{45E00FD5-172A-4D9E-99AD-E2E7E8F0E693} = {03BAA7B3-2282-4BFA-8272-BEE5EC2AA9E7}
	EndGlobalSection
	GlobalSection(ExtensibilityGlobals) = postSolution
		SolutionGuid = {E2FC4D40-EF7D-4298-AD8A-B8E3235DB732}
	EndGlobalSection
EndGlobal
