
Microsoft Visual Studio Solution File, Format Version 12.00
# Visual Studio Version 17
VisualStudioVersion = 17.11.35303.130
MinimumVisualStudioVersion = 10.0.40219.1
Project("{2150E333-8FDC-42A3-9474-1A3956D46DE8}") = "Task0", "Task0", "{030A39C2-D541-48C3-8C71-B6A0D584220F}"
EndProject
Project("{FAE04EC0-301F-11D3-BF4B-00C04F79EFBC}") = "Tyuiu.FedotkinNE.Sprint1.Task0.V2", "Tyuiu.FedotkinNE.Sprint1.Task1.V0\Tyuiu.FedotkinNE.Sprint1.Task0.V2.csproj", "{DD83D098-0D35-400D-B72D-0E8350BEFB43}"
EndProject
Project("{FAE04EC0-301F-11D3-BF4B-00C04F79EFBC}") = "Tyuiu.FedotkinNE.Sprint1.Task0.V2.Test", "Tyuiu.FedotkinNE.Sprint1.Task1.V0.Test\Tyuiu.FedotkinNE.Sprint1.Task0.V2.Test.csproj", "{A0725D13-CF3F-4AA7-9565-43D7A15E5840}"
EndProject
Project("{FAE04EC0-301F-11D3-BF4B-00C04F79EFBC}") = "Tyuiu.FedotkinNE.Sprint1.Task0.V2.Lib", "Tyuiu.FedotkinNE.Sprint1.Task0.V2.Lib\Tyuiu.FedotkinNE.Sprint1.Task0.V2.Lib.csproj", "{E08B6CAB-0956-4699-9341-F66B1DAF5A4B}"
EndProject
Global
	GlobalSection(SolutionConfigurationPlatforms) = preSolution
		Debug|Any CPU = Debug|Any CPU
		Release|Any CPU = Release|Any CPU
	EndGlobalSection
	GlobalSection(ProjectConfigurationPlatforms) = postSolution
		{DD83D098-0D35-400D-B72D-0E8350BEFB43}.Debug|Any CPU.ActiveCfg = Debug|Any CPU
		{DD83D098-0D35-400D-B72D-0E8350BEFB43}.Debug|Any CPU.Build.0 = Debug|Any CPU
		{DD83D098-0D35-400D-B72D-0E8350BEFB43}.Release|Any CPU.ActiveCfg = Release|Any CPU
		{DD83D098-0D35-400D-B72D-0E8350BEFB43}.Release|Any CPU.Build.0 = Release|Any CPU
		{A0725D13-CF3F-4AA7-9565-43D7A15E5840}.Debug|Any CPU.ActiveCfg = Debug|Any CPU
		{A0725D13-CF3F-4AA7-9565-43D7A15E5840}.Debug|Any CPU.Build.0 = Debug|Any CPU
		{A0725D13-CF3F-4AA7-9565-43D7A15E5840}.Release|Any CPU.ActiveCfg = Release|Any CPU
		{A0725D13-CF3F-4AA7-9565-43D7A15E5840}.Release|Any CPU.Build.0 = Release|Any CPU
		{E08B6CAB-0956-4699-9341-F66B1DAF5A4B}.Debug|Any CPU.ActiveCfg = Debug|Any CPU
		{E08B6CAB-0956-4699-9341-F66B1DAF5A4B}.Debug|Any CPU.Build.0 = Debug|Any CPU
		{E08B6CAB-0956-4699-9341-F66B1DAF5A4B}.Release|Any CPU.ActiveCfg = Release|Any CPU
		{E08B6CAB-0956-4699-9341-F66B1DAF5A4B}.Release|Any CPU.Build.0 = Release|Any CPU
	EndGlobalSection
	GlobalSection(SolutionProperties) = preSolution
		HideSolutionNode = FALSE
	EndGlobalSection
	GlobalSection(NestedProjects) = preSolution
		{DD83D098-0D35-400D-B72D-0E8350BEFB43} = {030A39C2-D541-48C3-8C71-B6A0D584220F}
		{A0725D13-CF3F-4AA7-9565-43D7A15E5840} = {030A39C2-D541-48C3-8C71-B6A0D584220F}
	EndGlobalSection
	GlobalSection(ExtensibilityGlobals) = postSolution
		SolutionGuid = {E8F22793-1251-46CD-BD2E-F66F64F93F2B}
	EndGlobalSection
EndGlobal
