
Microsoft Visual Studio Solution File, Format Version 12.00
# Visual Studio Version 17
VisualStudioVersion = 17.11.35303.130
MinimumVisualStudioVersion = 10.0.40219.1
Project("{2150E333-8FDC-42A3-9474-1A3956D46DE8}") = "Task0", "Task0", "{CDD72B09-8A5F-42E3-AB48-445C29D7E053}"
EndProject
Project("{9A19103F-16F7-4668-BE54-9A1E7A4F7556}") = "Tyuiu.FedotkinNE.Sprint1.Task0.V2.Test", "Tyuiu.FedotkinNE.Sprint1.Task0.V2.Test\Tyuiu.FedotkinNE.Sprint1.Task0.V2.Test.csproj", "{C8B278A4-DC95-422D-A80F-B311ECEE1CF7}"
EndProject
Project("{FAE04EC0-301F-11D3-BF4B-00C04F79EFBC}") = "Tyuiu.FedotkinNE.Sprint1.Task0.V2", "Tyuiu.FedotkinNE.Sprint1.Task0.V2\Tyuiu.FedotkinNE.Sprint1.Task0.V2.csproj", "{DBD3C263-80B0-4AF5-97F3-8A3718EE423E}"
EndProject
Project("{FAE04EC0-301F-11D3-BF4B-00C04F79EFBC}") = "Tyuiu.FedotkinNE.Sprint1.Task0.V2.Lib", "Tyuiu.FedotkinNE.Sprint1.Task0.V2.Lib\Tyuiu.FedotkinNE.Sprint1.Task0.V2.Lib.csproj", "{C230B4D1-B93D-4130-BDDC-FECA5859F4D6}"
EndProject
Global
	GlobalSection(SolutionConfigurationPlatforms) = preSolution
		Debug|Any CPU = Debug|Any CPU
		Release|Any CPU = Release|Any CPU
	EndGlobalSection
	GlobalSection(ProjectConfigurationPlatforms) = postSolution
		{C8B278A4-DC95-422D-A80F-B311ECEE1CF7}.Debug|Any CPU.ActiveCfg = Debug|Any CPU
		{C8B278A4-DC95-422D-A80F-B311ECEE1CF7}.Debug|Any CPU.Build.0 = Debug|Any CPU
		{C8B278A4-DC95-422D-A80F-B311ECEE1CF7}.Release|Any CPU.ActiveCfg = Release|Any CPU
		{C8B278A4-DC95-422D-A80F-B311ECEE1CF7}.Release|Any CPU.Build.0 = Release|Any CPU
		{DBD3C263-80B0-4AF5-97F3-8A3718EE423E}.Debug|Any CPU.ActiveCfg = Debug|Any CPU
		{DBD3C263-80B0-4AF5-97F3-8A3718EE423E}.Debug|Any CPU.Build.0 = Debug|Any CPU
		{DBD3C263-80B0-4AF5-97F3-8A3718EE423E}.Release|Any CPU.ActiveCfg = Release|Any CPU
		{DBD3C263-80B0-4AF5-97F3-8A3718EE423E}.Release|Any CPU.Build.0 = Release|Any CPU
		{C230B4D1-B93D-4130-BDDC-FECA5859F4D6}.Debug|Any CPU.ActiveCfg = Debug|Any CPU
		{C230B4D1-B93D-4130-BDDC-FECA5859F4D6}.Debug|Any CPU.Build.0 = Debug|Any CPU
		{C230B4D1-B93D-4130-BDDC-FECA5859F4D6}.Release|Any CPU.ActiveCfg = Release|Any CPU
		{C230B4D1-B93D-4130-BDDC-FECA5859F4D6}.Release|Any CPU.Build.0 = Release|Any CPU
	EndGlobalSection
	GlobalSection(SolutionProperties) = preSolution
		HideSolutionNode = FALSE
	EndGlobalSection
	GlobalSection(NestedProjects) = preSolution
		{C8B278A4-DC95-422D-A80F-B311ECEE1CF7} = {CDD72B09-8A5F-42E3-AB48-445C29D7E053}
		{DBD3C263-80B0-4AF5-97F3-8A3718EE423E} = {CDD72B09-8A5F-42E3-AB48-445C29D7E053}
		{C230B4D1-B93D-4130-BDDC-FECA5859F4D6} = {CDD72B09-8A5F-42E3-AB48-445C29D7E053}
	EndGlobalSection
	GlobalSection(ExtensibilityGlobals) = postSolution
		SolutionGuid = {E2FC4D40-EF7D-4298-AD8A-B8E3235DB732}
	EndGlobalSection
EndGlobal
